
Microsoft Visual Studio Solution File, Format Version 12.00
# Visual Studio Version 17
VisualStudioVersion = 17.7.34202.233
MinimumVisualStudioVersion = 10.0.40219.1
Project("{FAE04EC0-301F-11D3-BF4B-00C04F79EFBC}") = "GenteFit", "GenteFit.csproj", "{60DCF582-815F-46F6-BABB-7B1CE3C8AD0D}"
EndProject
Global
	GlobalSection(SolutionConfigurationPlatforms) = preSolution
		Debug|Any CPU = Debug|Any CPU
		Release|Any CPU = Release|Any CPU
	EndGlobalSection
	GlobalSection(ProjectConfigurationPlatforms) = postSolution
		{60DCF582-815F-46F6-BABB-7B1CE3C8AD0D}.Debug|Any CPU.ActiveCfg = Debug|Any CPU
		{60DCF582-815F-46F6-BABB-7B1CE3C8AD0D}.Debug|Any CPU.Build.0 = Debug|Any CPU
		{60DCF582-815F-46F6-BABB-7B1CE3C8AD0D}.Release|Any CPU.ActiveCfg = Release|Any CPU
		{60DCF582-815F-46F6-BABB-7B1CE3C8AD0D}.Release|Any CPU.Build.0 = Release|Any CPU
	EndGlobalSection
	GlobalSection(SolutionProperties) = preSolution
		HideSolutionNode = FALSE
	EndGlobalSection
	GlobalSection(ExtensibilityGlobals) = postSolution
		SolutionGuid = {A1E60E1D-CEB3-4743-9C72-08FE0141EC94}
	EndGlobalSection
EndGlobal
